{
  "lockfile_version": "1",
  "packages": {
    "github:NixOS/nixpkgs/nixpkgs-unstable": {
      "last_modified": "2025-06-27T03:16:46Z",
      "resolved": "github:NixOS/nixpkgs/80d50fc87924c2a0d346372d242c27973cf8cdbf?lastModified=1750994206&narHash=sha256-3u6rEbIX9CN%2F5A5%2Fmc3u0wIO1geZ0EhjvPBXmRDHqWM%3D"
    },
    "hugo@0.124.0": {
      "last_modified": "2024-03-23T13:32:18Z",
      "resolved": "github:NixOS/nixpkgs/20bc93ca7b2158ebc99b8cef987a2173a81cde35#hugo",
      "source": "devbox-search",
      "version": "0.124.0",
      "systems": {
        "aarch64-darwin": {
          "outputs": [
            {
              "name": "out",
              "path": "/nix/store/wdcwqw0qim2dzq3bj08jx37whx43wyb5-hugo-0.124.0",
              "default": true
            }
          ],
          "store_path": "/nix/store/wdcwqw0qim2dzq3bj08jx37whx43wyb5-hugo-0.124.0"
        },
        "aarch64-linux": {
          "outputs": [
            {
              "name": "out",
              "path": "/nix/store/gaj6f8ia7ir3f8sd6rfna51s0bm1av2p-hugo-0.124.0",
              "default": true
            }
          ],
          "store_path": "/nix/store/gaj6f8ia7ir3f8sd6rfna51s0bm1av2p-hugo-0.124.0"
        },
        "x86_64-darwin": {
          "outputs": [
            {
              "name": "out",
              "path": "/nix/store/4cd06vgyc38fm45hp0w119fcqph294li-hugo-0.124.0",
              "default": true
            }
          ],
          "store_path": "/nix/store/4cd06vgyc38fm45hp0w119fcqph294li-hugo-0.124.0"
        },
        "x86_64-linux": {
          "outputs": [
            {
              "name": "out",
              "path": "/nix/store/5f2lfh5ymqgx7wv5a9jx8h10srh2pdfv-hugo-0.124.0",
              "default": true
            }
          ],
          "store_path": "/nix/store/5f2lfh5ymqgx7wv5a9jx8h10srh2pdfv-hugo-0.124.0"
        }
      }
    }
  }
}
