{
  "lockfile_version": "1",
  "packages": {
    "dart-sass@1.99.0": {
      "last_modified": "2026-05-20T06:38:13Z",
      "resolved": "github:NixOS/nixpkgs/d99b013d5d1931ad77fe3912ed218170dec5d9a4#dart-sass",
      "source": "devbox-search",
      "version": "1.99.0",
      "systems": {
        "aarch64-darwin": {
          "outputs": [
            {
              "name": "out",
              "path": "/nix/store/sizn8ay9brji6z69lp4hfrwdz5l1kipr-dart-sass-1.99.0",
              "default": true
            },
            {
              "name": "pubcache",
              "path": "/nix/store/yyryxi7h0hv0msigm0ykf5i5lgbff54s-dart-sass-1.99.0-pubcache"
            }
          ],
          "store_path": "/nix/store/sizn8ay9brji6z69lp4hfrwdz5l1kipr-dart-sass-1.99.0"
        },
        "aarch64-linux": {
          "outputs": [
            {
              "name": "out",
              "path": "/nix/store/xqkkpfpbvqcx9n9csj0fmsmn82d1wdwj-dart-sass-1.99.0",
              "default": true
            },
            {
              "name": "pubcache",
              "path": "/nix/store/j1v0mccpf88vmhwbw9ria1npha95xy61-dart-sass-1.99.0-pubcache"
            }
          ],
          "store_path": "/nix/store/xqkkpfpbvqcx9n9csj0fmsmn82d1wdwj-dart-sass-1.99.0"
        },
        "x86_64-darwin": {
          "outputs": [
            {
              "name": "out",
              "path": "/nix/store/q4jyxrc6j12rgyphzn97jcwijz3f3laa-dart-sass-1.99.0",
              "default": true
            },
            {
              "name": "pubcache",
              "path": "/nix/store/5rarlymkxx0hiwdkci312b2fv3x2gfjr-dart-sass-1.99.0-pubcache"
            }
          ],
          "store_path": "/nix/store/q4jyxrc6j12rgyphzn97jcwijz3f3laa-dart-sass-1.99.0"
        },
        "x86_64-linux": {
          "outputs": [
            {
              "name": "out",
              "path": "/nix/store/l3w8yy7cbhfgsrlkkggip1aqbk8zdzcl-dart-sass-1.99.0",
              "default": true
            },
            {
              "name": "pubcache",
              "path": "/nix/store/qbniy1h52zhzf4bjvbfbq3i60nfj0xww-dart-sass-1.99.0-pubcache"
            }
          ],
          "store_path": "/nix/store/l3w8yy7cbhfgsrlkkggip1aqbk8zdzcl-dart-sass-1.99.0"
        }
      }
    },
    "gh@latest": {
      "last_modified": "2026-05-20T06:38:13Z",
      "resolved": "github:NixOS/nixpkgs/d99b013d5d1931ad77fe3912ed218170dec5d9a4#gh",
      "source": "devbox-search",
      "version": "2.92.0",
      "systems": {
        "aarch64-darwin": {
          "outputs": [
            {
              "name": "out",
              "path": "/nix/store/xhvb649slb9rd0ps253s4jkpsx3fkvk1-gh-2.92.0",
              "default": true
            }
          ],
          "store_path": "/nix/store/xhvb649slb9rd0ps253s4jkpsx3fkvk1-gh-2.92.0"
        },
        "aarch64-linux": {
          "outputs": [
            {
              "name": "out",
              "path": "/nix/store/qw9n0av5bhfzna77vkd2mji1dfhl7hhh-gh-2.92.0",
              "default": true
            }
          ],
          "store_path": "/nix/store/qw9n0av5bhfzna77vkd2mji1dfhl7hhh-gh-2.92.0"
        },
        "x86_64-darwin": {
          "outputs": [
            {
              "name": "out",
              "path": "/nix/store/837nnal9mj0pjsczqww3hla06x7mv4kh-gh-2.92.0",
              "default": true
            }
          ],
          "store_path": "/nix/store/837nnal9mj0pjsczqww3hla06x7mv4kh-gh-2.92.0"
        },
        "x86_64-linux": {
          "outputs": [
            {
              "name": "out",
              "path": "/nix/store/lsb6nlb51prl620y1hyn1dg0y2nd476s-gh-2.92.0",
              "default": true
            }
          ],
          "store_path": "/nix/store/lsb6nlb51prl620y1hyn1dg0y2nd476s-gh-2.92.0"
        }
      }
    },
    "github:NixOS/nixpkgs/nixpkgs-unstable": {
      "last_modified": "2026-05-22T01:51:30Z",
      "resolved": "github:NixOS/nixpkgs/6dedf69f94d03cbe7bdde106f2d4c23ae2a853bf?lastModified=1779414690&narHash=sha256-gOTcX%2F9MZVMUE0Xvb4IEcv%2B0TQJkZFNEnL757ljU360%3D"
    },
    "hugo@0.161.1": {
      "last_modified": "2026-05-06T02:58:03Z",
      "resolved": "github:NixOS/nixpkgs/ed67bc86e84e51d4a88e73c7fd36006dc876476f#hugo",
      "source": "devbox-search",
      "version": "0.161.1",
      "systems": {
        "aarch64-darwin": {
          "outputs": [
            {
              "name": "out",
              "path": "/nix/store/jrv6dj1q7si162hdkbbx3kgy50kwn926-hugo-0.161.1",
              "default": true
            }
          ],
          "store_path": "/nix/store/jrv6dj1q7si162hdkbbx3kgy50kwn926-hugo-0.161.1"
        },
        "aarch64-linux": {
          "outputs": [
            {
              "name": "out",
              "path": "/nix/store/n9rvp2cxgn188gpync9i4ys9vy1i75fs-hugo-0.161.1",
              "default": true
            }
          ],
          "store_path": "/nix/store/n9rvp2cxgn188gpync9i4ys9vy1i75fs-hugo-0.161.1"
        },
        "x86_64-darwin": {
          "outputs": [
            {
              "name": "out",
              "path": "/nix/store/dd1j05frj1f4hlr8jw1cws1nk4x45409-hugo-0.161.1",
              "default": true
            }
          ],
          "store_path": "/nix/store/dd1j05frj1f4hlr8jw1cws1nk4x45409-hugo-0.161.1"
        },
        "x86_64-linux": {
          "outputs": [
            {
              "name": "out",
              "path": "/nix/store/mb54l5cz11ppc1sl5kwipxl5rwh2zqpq-hugo-0.161.1",
              "default": true
            }
          ],
          "store_path": "/nix/store/mb54l5cz11ppc1sl5kwipxl5rwh2zqpq-hugo-0.161.1"
        }
      }
    },
    "jq@latest": {
      "last_modified": "2026-05-15T18:21:44Z",
      "resolved": "github:NixOS/nixpkgs/d233902339c02a9c334e7e593de68855ad26c4cb#jq",
      "source": "devbox-search",
      "version": "1.8.1",
      "systems": {
        "aarch64-darwin": {
          "outputs": [
            {
              "name": "bin",
              "path": "/nix/store/zpaiv3csv85i5qdhwlivlbg8a5clnqmh-jq-1.8.1-bin",
              "default": true
            },
            {
              "name": "man",
              "path": "/nix/store/vs9rx9xgqachcay4mn95m1gwifzxrhm4-jq-1.8.1-man",
              "default": true
            },
            {
              "name": "doc",
              "path": "/nix/store/iksz05vk9j78ls9agfg9blhax9azgv69-jq-1.8.1-doc"
            },
            {
              "name": "out",
              "path": "/nix/store/inmyqx7646xrcqrwxipacv5gkf3ca6m3-jq-1.8.1"
            },
            {
              "name": "dev",
              "path": "/nix/store/h46rnp90pvk5ky12r9drbzhl1fqlmjnf-jq-1.8.1-dev"
            }
          ],
          "store_path": "/nix/store/zpaiv3csv85i5qdhwlivlbg8a5clnqmh-jq-1.8.1-bin"
        },
        "aarch64-linux": {
          "outputs": [
            {
              "name": "bin",
              "path": "/nix/store/blgzs73jx017qji4n78v4wg1qxcg3cav-jq-1.8.1-bin",
              "default": true
            },
            {
              "name": "man",
              "path": "/nix/store/s8h2klkc7rw485yqj3s73ancc5915v2m-jq-1.8.1-man",
              "default": true
            },
            {
              "name": "dev",
              "path": "/nix/store/lx675fc624glij1dh9iw89pavkvfkv73-jq-1.8.1-dev"
            },
            {
              "name": "doc",
              "path": "/nix/store/r992wf8cylhf9ayxwf64lawdfxcr4cl8-jq-1.8.1-doc"
            },
            {
              "name": "out",
              "path": "/nix/store/2v9443fs97gdg5mz9lk3q603hryhqijm-jq-1.8.1"
            }
          ],
          "store_path": "/nix/store/blgzs73jx017qji4n78v4wg1qxcg3cav-jq-1.8.1-bin"
        },
        "x86_64-darwin": {
          "outputs": [
            {
              "name": "bin",
              "path": "/nix/store/cpq0n6nrgs7jwyr121qshzk2fvjkmjbh-jq-1.8.1-bin",
              "default": true
            },
            {
              "name": "man",
              "path": "/nix/store/flsm1xvpbr9681y4y8101v5c5m3qmcim-jq-1.8.1-man",
              "default": true
            },
            {
              "name": "dev",
              "path": "/nix/store/0p7h41icsq99c08sym6iw4wzdsl35r13-jq-1.8.1-dev"
            },
            {
              "name": "doc",
              "path": "/nix/store/h6wn2lzbxq1v2dypaj4kpv4nnkkm9yld-jq-1.8.1-doc"
            },
            {
              "name": "out",
              "path": "/nix/store/spn7m9y4302yvw9zafpy1g2sz3z9xnx1-jq-1.8.1"
            }
          ],
          "store_path": "/nix/store/cpq0n6nrgs7jwyr121qshzk2fvjkmjbh-jq-1.8.1-bin"
        },
        "x86_64-linux": {
          "outputs": [
            {
              "name": "bin",
              "path": "/nix/store/v5c3inhfq6xshmwg1c254vfbcy4jp3k9-jq-1.8.1-bin",
              "default": true
            },
            {
              "name": "man",
              "path": "/nix/store/lsyqny7h1riwhzajwy2vjjdd63viiwvm-jq-1.8.1-man",
              "default": true
            },
            {
              "name": "dev",
              "path": "/nix/store/p8x5zv9s9qg3ld8b7jdm03hkpdqybjl9-jq-1.8.1-dev"
            },
            {
              "name": "doc",
              "path": "/nix/store/g2wlgi44rn837jdirpwi3lk5f2iy13zg-jq-1.8.1-doc"
            },
            {
              "name": "out",
              "path": "/nix/store/09bq2i0kb008ccg3qdbyxv81ggxxnn09-jq-1.8.1"
            }
          ],
          "store_path": "/nix/store/v5c3inhfq6xshmwg1c254vfbcy4jp3k9-jq-1.8.1-bin"
        }
      }
    },
    "lefthook@latest": {
      "last_modified": "2026-04-23T13:07:47Z",
      "resolved": "github:NixOS/nixpkgs/01fbdeef22b76df85ea168fbfe1bfd9e63681b30#lefthook",
      "source": "devbox-search",
      "version": "2.1.5",
      "systems": {
        "aarch64-darwin": {
          "outputs": [
            {
              "name": "out",
              "path": "/nix/store/3c2xhwg7r7v50z8w7pwzv6y3qmb0r0y7-lefthook-2.1.5",
              "default": true
            }
          ],
          "store_path": "/nix/store/3c2xhwg7r7v50z8w7pwzv6y3qmb0r0y7-lefthook-2.1.5"
        },
        "aarch64-linux": {
          "outputs": [
            {
              "name": "out",
              "path": "/nix/store/zgsbcgs7pa7ds9287bmrzb1zscmfa3rr-lefthook-2.1.5",
              "default": true
            }
          ],
          "store_path": "/nix/store/zgsbcgs7pa7ds9287bmrzb1zscmfa3rr-lefthook-2.1.5"
        },
        "x86_64-darwin": {
          "outputs": [
            {
              "name": "out",
              "path": "/nix/store/r82vm15yz821raw2kp5wh7n2sbijkap7-lefthook-2.1.5",
              "default": true
            }
          ],
          "store_path": "/nix/store/r82vm15yz821raw2kp5wh7n2sbijkap7-lefthook-2.1.5"
        },
        "x86_64-linux": {
          "outputs": [
            {
              "name": "out",
              "path": "/nix/store/j162rss74q5j1jbsskg9xs5kjp11gim8-lefthook-2.1.5",
              "default": true
            }
          ],
          "store_path": "/nix/store/j162rss74q5j1jbsskg9xs5kjp11gim8-lefthook-2.1.5"
        }
      }
    },
    "nodejs@22": {
      "last_modified": "2026-05-14T12:36:40Z",
      "plugin_version": "0.0.2",
      "resolved": "github:NixOS/nixpkgs/27198194e52129ccd8e845e7d5911911e7fea7d7#nodejs_22",
      "source": "devbox-search",
      "version": "22.22.3",
      "systems": {
        "aarch64-darwin": {
          "outputs": [
            {
              "name": "out",
              "path": "/nix/store/4gl9pclv6ygwmgpg1gijza978bqbmpga-nodejs-22.22.3",
              "default": true
            }
          ],
          "store_path": "/nix/store/4gl9pclv6ygwmgpg1gijza978bqbmpga-nodejs-22.22.3"
        },
        "aarch64-linux": {
          "outputs": [
            {
              "name": "out",
              "path": "/nix/store/xa7qmarsab5ch5g7ra9ssq2x5ggdv62b-nodejs-22.22.3",
              "default": true
            }
          ],
          "store_path": "/nix/store/xa7qmarsab5ch5g7ra9ssq2x5ggdv62b-nodejs-22.22.3"
        },
        "x86_64-darwin": {
          "outputs": [
            {
              "name": "out",
              "path": "/nix/store/6db8w02ymrx1pf37fvpfzv6py0c7q0y6-nodejs-22.22.3",
              "default": true
            }
          ],
          "store_path": "/nix/store/6db8w02ymrx1pf37fvpfzv6py0c7q0y6-nodejs-22.22.3"
        },
        "x86_64-linux": {
          "outputs": [
            {
              "name": "out",
              "path": "/nix/store/qyvq4avj27g75z29c88m7pvrlkjihvj4-nodejs-22.22.3",
              "default": true
            }
          ],
          "store_path": "/nix/store/qyvq4avj27g75z29c88m7pvrlkjihvj4-nodejs-22.22.3"
        }
      }
    },
    "yq@latest": {
      "last_modified": "2026-04-23T13:07:47Z",
      "resolved": "github:NixOS/nixpkgs/01fbdeef22b76df85ea168fbfe1bfd9e63681b30#yq",
      "source": "devbox-search",
      "version": "3.4.3",
      "systems": {
        "aarch64-darwin": {
          "outputs": [
            {
              "name": "out",
              "path": "/nix/store/gfj0swayhqm02nidsvh6692gp0kk23g0-python3.13-yq-3.4.3",
              "default": true
            },
            {
              "name": "dist",
              "path": "/nix/store/sz3477s7aln7271nacc72zs3w4w7aw62-python3.13-yq-3.4.3-dist"
            }
          ],
          "store_path": "/nix/store/gfj0swayhqm02nidsvh6692gp0kk23g0-python3.13-yq-3.4.3"
        },
        "aarch64-linux": {
          "outputs": [
            {
              "name": "out",
              "path": "/nix/store/0whnd3y7fm0wfa0w5yqfahhr9ih16d20-python3.13-yq-3.4.3",
              "default": true
            },
            {
              "name": "dist",
              "path": "/nix/store/w4yih4rbdjj5x5c9ydd7l19kx9zqlgdh-python3.13-yq-3.4.3-dist"
            }
          ],
          "store_path": "/nix/store/0whnd3y7fm0wfa0w5yqfahhr9ih16d20-python3.13-yq-3.4.3"
        },
        "x86_64-darwin": {
          "outputs": [
            {
              "name": "out",
              "path": "/nix/store/my699ppqbdqp814b1sziwfgbaii84a8p-python3.13-yq-3.4.3",
              "default": true
            },
            {
              "name": "dist",
              "path": "/nix/store/7kcw5lqkwjcxzyvm8mvrgxr6k5cgs6s9-python3.13-yq-3.4.3-dist"
            }
          ],
          "store_path": "/nix/store/my699ppqbdqp814b1sziwfgbaii84a8p-python3.13-yq-3.4.3"
        },
        "x86_64-linux": {
          "outputs": [
            {
              "name": "out",
              "path": "/nix/store/z5lxllys0j3z200rf1phlzy975ynr0wg-python3.13-yq-3.4.3",
              "default": true
            },
            {
              "name": "dist",
              "path": "/nix/store/5s207c9mzbcr9wxl93y45fhshhq3maq0-python3.13-yq-3.4.3-dist"
            }
          ],
          "store_path": "/nix/store/z5lxllys0j3z200rf1phlzy975ynr0wg-python3.13-yq-3.4.3"
        }
      }
    }
  }
}
